{
  "object": {
    "pins": [
      {
        "package": "SDWebImage",
        "repositoryURL": "https://github.com/SDWebImage/SDWebImage.git",
        "state": {
          "branch": null,
          "revision": "1b9a2e902cbde5fdf362faa0f4fd76ea74d74305",
          "version": "5.18.5"
        }
      },
      {
        "package": "SDWebImageSwiftUI",
        "repositoryURL": "https://github.com/SDWebImage/SDWebImageSwiftUI.git",
        "state": {
          "branch": null,
          "revision": "5f025e54a03d3d33dff24d7a19331f446f00ed9d",
          "version": "2.2.4"
        }
      },
      {
        "package": "SwiftUIKit",
        "repositoryURL": "https://github.com/danielsaidi/SwiftUIKit.git",
        "state": {
          "branch": null,
          "revision": "933a747c10787f84e04ad4c0f5de8cb590bf36e0",
          "version": "3.9.0"
        }
      }
    ]
  },
  "version": 1
}
